
Microsoft Visual Studio Solution File, Format Version 12.00
# Visual Studio Version 17
VisualStudioVersion = 17.8.34525.116
MinimumVisualStudioVersion = 10.0.40219.1
Project("{9A19103F-16F7-4668-BE54-9A1E7A4F7556}") = "Chrome.ViewModels", "Chrome.ViewModels\Chrome.ViewModels.csproj", "{A37E7009-F3D1-4E2D-A24E-607DB5B3D5F7}"
EndProject
Project("{9A19103F-16F7-4668-BE54-9A1E7A4F7556}") = "Chrome.ViewModels.Contracts", "Chrome.ViewModels.Contracts\Chrome.ViewModels.Contracts.csproj", "{749F40B7-2BFC-4D38-8370-67C4A66B5EAF}"
EndProject
Project("{9A19103F-16F7-4668-BE54-9A1E7A4F7556}") = "Chrome.Bootstrapper", "Chrome.Bootstrapper\Chrome.Bootstrapper.csproj", "{C53C2EB8-1F17-4251-9808-287B46F328F6}"
EndProject
Project("{9A19103F-16F7-4668-BE54-9A1E7A4F7556}") = "Chrome.Views", "Chrome.Views\Chrome.Views.csproj", "{6ABB9A1E-4B76-4728-8A0C-7B945A436EC1}"
EndProject
Project("{9A19103F-16F7-4668-BE54-9A1E7A4F7556}") = "Chrome.Views.Contracts", "Chrome.Views.Contracts\Chrome.Views.Contracts.csproj", "{A58D0FF3-8393-43A1-A8AF-96CF80A73584}"
EndProject
Project("{9A19103F-16F7-4668-BE54-9A1E7A4F7556}") = "Chrome.Dependencies.Builder", "Chrome.Builder\Chrome.Dependencies.Builder.csproj", "{2726A183-0DB1-4896-B336-C89EB0AD0046}"
EndProject
Project("{9A19103F-16F7-4668-BE54-9A1E7A4F7556}") = "Chrome.Dependencies", "Chrome.Dependencies\Chrome.Dependencies.csproj", "{6EF8874B-A6F9-4E48-8E9E-5D4E3302DF6C}"
EndProject
Project("{9A19103F-16F7-4668-BE54-9A1E7A4F7556}") = "Chrome.Dependencies.Contracts", "Chrome.Dependencies.Contracts\Chrome.Dependencies.Contracts.csproj", "{0774B3AD-3DB0-46BA-AD7D-F3EB253BB646}"
EndProject
Project("{9A19103F-16F7-4668-BE54-9A1E7A4F7556}") = "Chrome.Common", "Chrome.Common\Chrome.Common.csproj", "{2474BDA9-1E4F-4510-A922-B767ACF10F37}"
EndProject
Project("{9A19103F-16F7-4668-BE54-9A1E7A4F7556}") = "Chrome.Starter", "Chrome.Starter\Chrome.Starter.csproj", "{19452FC1-33DA-4FD7-A5F7-877F17F3B218}"
EndProject
Project("{FAE04EC0-301F-11D3-BF4B-00C04F79EFBC}") = "Chrome.Constants", "Chrome.Constants\Chrome.Constants.csproj", "{C1668BC3-38DB-4C6F-8798-DFBF73B9F9B9}"
EndProject
Global
	GlobalSection(SolutionConfigurationPlatforms) = preSolution
		Debug|Any CPU = Debug|Any CPU
		Release|Any CPU = Release|Any CPU
	EndGlobalSection
	GlobalSection(ProjectConfigurationPlatforms) = postSolution
		{A37E7009-F3D1-4E2D-A24E-607DB5B3D5F7}.Debug|Any CPU.ActiveCfg = Debug|Any CPU
		{A37E7009-F3D1-4E2D-A24E-607DB5B3D5F7}.Debug|Any CPU.Build.0 = Debug|Any CPU
		{A37E7009-F3D1-4E2D-A24E-607DB5B3D5F7}.Release|Any CPU.ActiveCfg = Release|Any CPU
		{A37E7009-F3D1-4E2D-A24E-607DB5B3D5F7}.Release|Any CPU.Build.0 = Release|Any CPU
		{749F40B7-2BFC-4D38-8370-67C4A66B5EAF}.Debug|Any CPU.ActiveCfg = Debug|Any CPU
		{749F40B7-2BFC-4D38-8370-67C4A66B5EAF}.Debug|Any CPU.Build.0 = Debug|Any CPU
		{749F40B7-2BFC-4D38-8370-67C4A66B5EAF}.Release|Any CPU.ActiveCfg = Release|Any CPU
		{749F40B7-2BFC-4D38-8370-67C4A66B5EAF}.Release|Any CPU.Build.0 = Release|Any CPU
		{C53C2EB8-1F17-4251-9808-287B46F328F6}.Debug|Any CPU.ActiveCfg = Debug|Any CPU
		{C53C2EB8-1F17-4251-9808-287B46F328F6}.Debug|Any CPU.Build.0 = Debug|Any CPU
		{C53C2EB8-1F17-4251-9808-287B46F328F6}.Release|Any CPU.ActiveCfg = Release|Any CPU
		{C53C2EB8-1F17-4251-9808-287B46F328F6}.Release|Any CPU.Build.0 = Release|Any CPU
		{6ABB9A1E-4B76-4728-8A0C-7B945A436EC1}.Debug|Any CPU.ActiveCfg = Debug|Any CPU
		{6ABB9A1E-4B76-4728-8A0C-7B945A436EC1}.Debug|Any CPU.Build.0 = Debug|Any CPU
		{6ABB9A1E-4B76-4728-8A0C-7B945A436EC1}.Release|Any CPU.ActiveCfg = Release|Any CPU
		{6ABB9A1E-4B76-4728-8A0C-7B945A436EC1}.Release|Any CPU.Build.0 = Release|Any CPU
		{A58D0FF3-8393-43A1-A8AF-96CF80A73584}.Debug|Any CPU.ActiveCfg = Debug|Any CPU
		{A58D0FF3-8393-43A1-A8AF-96CF80A73584}.Debug|Any CPU.Build.0 = Debug|Any CPU
		{A58D0FF3-8393-43A1-A8AF-96CF80A73584}.Release|Any CPU.ActiveCfg = Release|Any CPU
		{A58D0FF3-8393-43A1-A8AF-96CF80A73584}.Release|Any CPU.Build.0 = Release|Any CPU
		{2726A183-0DB1-4896-B336-C89EB0AD0046}.Debug|Any CPU.ActiveCfg = Debug|Any CPU
		{2726A183-0DB1-4896-B336-C89EB0AD0046}.Debug|Any CPU.Build.0 = Debug|Any CPU
		{2726A183-0DB1-4896-B336-C89EB0AD0046}.Release|Any CPU.ActiveCfg = Release|Any CPU
		{2726A183-0DB1-4896-B336-C89EB0AD0046}.Release|Any CPU.Build.0 = Release|Any CPU
		{6EF8874B-A6F9-4E48-8E9E-5D4E3302DF6C}.Debug|Any CPU.ActiveCfg = Debug|Any CPU
		{6EF8874B-A6F9-4E48-8E9E-5D4E3302DF6C}.Debug|Any CPU.Build.0 = Debug|Any CPU
		{6EF8874B-A6F9-4E48-8E9E-5D4E3302DF6C}.Release|Any CPU.ActiveCfg = Release|Any CPU
		{6EF8874B-A6F9-4E48-8E9E-5D4E3302DF6C}.Release|Any CPU.Build.0 = Release|Any CPU
		{0774B3AD-3DB0-46BA-AD7D-F3EB253BB646}.Debug|Any CPU.ActiveCfg = Debug|Any CPU
		{0774B3AD-3DB0-46BA-AD7D-F3EB253BB646}.Debug|Any CPU.Build.0 = Debug|Any CPU
		{0774B3AD-3DB0-46BA-AD7D-F3EB253BB646}.Release|Any CPU.ActiveCfg = Release|Any CPU
		{0774B3AD-3DB0-46BA-AD7D-F3EB253BB646}.Release|Any CPU.Build.0 = Release|Any CPU
		{2474BDA9-1E4F-4510-A922-B767ACF10F37}.Debug|Any CPU.ActiveCfg = Debug|Any CPU
		{2474BDA9-1E4F-4510-A922-B767ACF10F37}.Debug|Any CPU.Build.0 = Debug|Any CPU
		{2474BDA9-1E4F-4510-A922-B767ACF10F37}.Release|Any CPU.ActiveCfg = Release|Any CPU
		{2474BDA9-1E4F-4510-A922-B767ACF10F37}.Release|Any CPU.Build.0 = Release|Any CPU
		{19452FC1-33DA-4FD7-A5F7-877F17F3B218}.Debug|Any CPU.ActiveCfg = Debug|Any CPU
		{19452FC1-33DA-4FD7-A5F7-877F17F3B218}.Debug|Any CPU.Build.0 = Debug|Any CPU
		{19452FC1-33DA-4FD7-A5F7-877F17F3B218}.Release|Any CPU.ActiveCfg = Release|Any CPU
		{19452FC1-33DA-4FD7-A5F7-877F17F3B218}.Release|Any CPU.Build.0 = Release|Any CPU
		{C1668BC3-38DB-4C6F-8798-DFBF73B9F9B9}.Debug|Any CPU.ActiveCfg = Debug|Any CPU
		{C1668BC3-38DB-4C6F-8798-DFBF73B9F9B9}.Debug|Any CPU.Build.0 = Debug|Any CPU
		{C1668BC3-38DB-4C6F-8798-DFBF73B9F9B9}.Release|Any CPU.ActiveCfg = Release|Any CPU
		{C1668BC3-38DB-4C6F-8798-DFBF73B9F9B9}.Release|Any CPU.Build.0 = Release|Any CPU
	EndGlobalSection
	GlobalSection(SolutionProperties) = preSolution
		HideSolutionNode = FALSE
	EndGlobalSection
	GlobalSection(ExtensibilityGlobals) = postSolution
		SolutionGuid = {E3FF2539-3182-4DD3-A8D4-E13C9A358C60}
	EndGlobalSection
EndGlobal
